
Microsoft Visual Studio Solution File, Format Version 12.00
# Visual Studio 15
VisualStudioVersion = 15.0.34031.82
MinimumVisualStudioVersion = 10.0.40219.1
Project("{FAE04EC0-301F-11D3-BF4B-00C04F79EFBC}") = "QuanLyThe", "QuanLyThe\QuanLyThe.csproj", "{2ECA6DB1-EFBE-48F7-8961-CD633D35719F}"
EndProject
Global
	GlobalSection(SolutionConfigurationPlatforms) = preSolution
		Debug|Any CPU = Debug|Any CPU
		Release|Any CPU = Release|Any CPU
	EndGlobalSection
	GlobalSection(ProjectConfigurationPlatforms) = postSolution
		{2ECA6DB1-EFBE-48F7-8961-CD633D35719F}.Debug|Any CPU.ActiveCfg = Debug|Any CPU
		{2ECA6DB1-EFBE-48F7-8961-CD633D35719F}.Debug|Any CPU.Build.0 = Debug|Any CPU
		{2ECA6DB1-EFBE-48F7-8961-CD633D35719F}.Release|Any CPU.ActiveCfg = Release|Any CPU
		{2ECA6DB1-EFBE-48F7-8961-CD633D35719F}.Release|Any CPU.Build.0 = Release|Any CPU
	EndGlobalSection
	GlobalSection(SolutionProperties) = preSolution
		HideSolutionNode = FALSE
	EndGlobalSection
	GlobalSection(ExtensibilityGlobals) = postSolution
		SolutionGuid = {45FABE90-75D6-4DEA-ACFB-0D448B4BB11C}
	EndGlobalSection
EndGlobal
